
Microsoft Visual Studio Solution File, Format Version 12.00
# Visual Studio Version 17
VisualStudioVersion = 17.9.34622.214
MinimumVisualStudioVersion = 10.0.40219.1
Project("{FAE04EC0-301F-11D3-BF4B-00C04F79EFBC}") = "bookStore", "bookStore\bookStore.csproj", "{3729E4E9-0657-419A-9812-4AA31DFD28DD}"
EndProject
Global
	GlobalSection(SolutionConfigurationPlatforms) = preSolution
		Debug|Any CPU = Debug|Any CPU
		Release|Any CPU = Release|Any CPU
	EndGlobalSection
	GlobalSection(ProjectConfigurationPlatforms) = postSolution
		{3729E4E9-0657-419A-9812-4AA31DFD28DD}.Debug|Any CPU.ActiveCfg = Debug|Any CPU
		{3729E4E9-0657-419A-9812-4AA31DFD28DD}.Debug|Any CPU.Build.0 = Debug|Any CPU
		{3729E4E9-0657-419A-9812-4AA31DFD28DD}.Release|Any CPU.ActiveCfg = Release|Any CPU
		{3729E4E9-0657-419A-9812-4AA31DFD28DD}.Release|Any CPU.Build.0 = Release|Any CPU
	EndGlobalSection
	GlobalSection(SolutionProperties) = preSolution
		HideSolutionNode = FALSE
	EndGlobalSection
	GlobalSection(ExtensibilityGlobals) = postSolution
		SolutionGuid = {E7B409E2-7D29-4A3F-B529-A01D68C6FC29}
	EndGlobalSection
EndGlobal
